// !$*UTF8*$!
{
	archiveVersion = 1;
	classes = {
	};
	objectVersion = 46;
	objects = {

/* Begin PBXBuildFile section */
		4BD0AC481C53448C00D61125 /* RemoteTests.m in Sources */ = {isa = PBXBuildFile; fileRef = 4BD0AC471C53448C00D61125 /* RemoteTests.m */; };
		4BD0AC531C53448C00D61125 /* RemoteUITests.m in Sources */ = {isa = PBXBuildFile; fileRef = 4BD0AC521C53448C00D61125 /* RemoteUITests.m */; };
		4BD0AC681C53453C00D61125 /* HoundSDK.xcassets in Resources */ = {isa = PBXBuildFile; fileRef = 4BD0AC651C53453C00D61125 /* HoundSDK.xcassets */; };
		4BD0AC691C53453C00D61125 /* include in Resources */ = {isa = PBXBuildFile; fileRef = 4BD0AC661C53453C00D61125 /* include */; };
		4BD0AC6A1C53453C00D61125 /* libHoundSDK.a in Frameworks */ = {isa = PBXBuildFile; fileRef = 4BD0AC671C53453C00D61125 /* libHoundSDK.a */; };
		4BD0AC871C53818600D61125 /* AppDelegate.m in Sources */ = {isa = PBXBuildFile; fileRef = 4BD0AC7D1C53818600D61125 /* AppDelegate.m */; };
		4BD0AC881C53818600D61125 /* AppImages.xcassets in Resources */ = {isa = PBXBuildFile; fileRef = 4BD0AC7E1C53818600D61125 /* AppImages.xcassets */; };
		4BD0AC891C53818600D61125 /* Base.lproj in Resources */ = {isa = PBXBuildFile; fileRef = 4BD0AC7F1C53818600D61125 /* Base.lproj */; };
		4BD0AC8A1C53818600D61125 /* Images.xcassets in Resources */ = {isa = PBXBuildFile; fileRef = 4BD0AC801C53818600D61125 /* Images.xcassets */; };
		4BD0AC8B1C53818600D61125 /* Info.plist in Resources */ = {isa = PBXBuildFile; fileRef = 4BD0AC811C53818600D61125 /* Info.plist */; };
		4BD0AC8C1C53818600D61125 /* main.m in Sources */ = {isa = PBXBuildFile; fileRef = 4BD0AC821C53818600D61125 /* main.m */; };
		4BD0AC8D1C53818600D61125 /* NavigationController.m in Sources */ = {isa = PBXBuildFile; fileRef = 4BD0AC841C53818600D61125 /* NavigationController.m */; };
		4BD0AC8E1C53818600D61125 /* ViewController.m in Sources */ = {isa = PBXBuildFile; fileRef = 4BD0AC861C53818600D61125 /* ViewController.m */; };
		4BD0AC901C5381C100D61125 /* AVFoundation.framework in Frameworks */ = {isa = PBXBuildFile; fileRef = 4BD0AC8F1C5381C100D61125 /* AVFoundation.framework */; };
		4BD0AC921C5381C400D61125 /* AudioToolbox.framework in Frameworks */ = {isa = PBXBuildFile; fileRef = 4BD0AC911C5381C400D61125 /* AudioToolbox.framework */; };
		4BD0AC941C5381CA00D61125 /* Accelerate.framework in Frameworks */ = {isa = PBXBuildFile; fileRef = 4BD0AC931C5381CA00D61125 /* Accelerate.framework */; };
		4BD0AC961C5381D200D61125 /* libc++.tbd in Frameworks */ = {isa = PBXBuildFile; fileRef = 4BD0AC951C5381D200D61125 /* libc++.tbd */; };
		4BD0AC981C5381D700D61125 /* libz.tbd in Frameworks */ = {isa = PBXBuildFile; fileRef = 4BD0AC971C5381D700D61125 /* libz.tbd */; };
		4BD0AC9C1C53820E00D61125 /* UIKit.framework in Frameworks */ = {isa = PBXBuildFile; fileRef = 4BD0AC9B1C53820E00D61125 /* UIKit.framework */; };
		4BD0AC9E1C53821800D61125 /* Foundation.framework in Frameworks */ = {isa = PBXBuildFile; fileRef = 4BD0AC9D1C53821800D61125 /* Foundation.framework */; };
		4BD0ACA11C53825700D61125 /* LaunchScreen.xib in Resources */ = {isa = PBXBuildFile; fileRef = 4BD0ACA01C53825700D61125 /* LaunchScreen.xib */; };
		4BD0ACA31C53826A00D61125 /* Main.storyboard in Resources */ = {isa = PBXBuildFile; fileRef = 4BD0ACA21C53826A00D61125 /* Main.storyboard */; };
/* End PBXBuildFile section */

/* Begin PBXContainerItemProxy section */
		4BD0AC441C53448C00D61125 /* PBXContainerItemProxy */ = {
			isa = PBXContainerItemProxy;
			containerPortal = 4BD0AC221C53448C00D61125 /* Project object */;
			proxyType = 1;
			remoteGlobalIDString = 4BD0AC291C53448C00D61125;
			remoteInfo = Remote;
		};
		4BD0AC4F1C53448C00D61125 /* PBXContainerItemProxy */ = {
			isa = PBXContainerItemProxy;
			containerPortal = 4BD0AC221C53448C00D61125 /* Project object */;
			proxyType = 1;
			remoteGlobalIDString = 4BD0AC291C53448C00D61125;
			remoteInfo = Remote;
		};
/* End PBXContainerItemProxy section */

/* Begin PBXFileReference section */
		4BD0AC2A1C53448C00D61125 /* Remote.app */ = {isa = PBXFileReference; explicitFileType = wrapper.application; includeInIndex = 0; path = Remote.app; sourceTree = BUILT_PRODUCTS_DIR; };
		4BD0AC431C53448C00D61125 /* RemoteTests.xctest */ = {isa = PBXFileReference; explicitFileType = wrapper.cfbundle; includeInIndex = 0; path = RemoteTests.xctest; sourceTree = BUILT_PRODUCTS_DIR; };
		4BD0AC471C53448C00D61125 /* RemoteTests.m */ = {isa = PBXFileReference; lastKnownFileType = sourcecode.c.objc; path = RemoteTests.m; sourceTree = "<group>"; };
		4BD0AC491C53448C00D61125 /* Info.plist */ = {isa = PBXFileReference; lastKnownFileType = text.plist.xml; path = Info.plist; sourceTree = "<group>"; };
		4BD0AC4E1C53448C00D61125 /* RemoteUITests.xctest */ = {isa = PBXFileReference; explicitFileType = wrapper.cfbundle; includeInIndex = 0; path = RemoteUITests.xctest; sourceTree = BUILT_PRODUCTS_DIR; };
		4BD0AC521C53448C00D61125 /* RemoteUITests.m */ = {isa = PBXFileReference; lastKnownFileType = sourcecode.c.objc; path = RemoteUITests.m; sourceTree = "<group>"; };
		4BD0AC541C53448C00D61125 /* Info.plist */ = {isa = PBXFileReference; lastKnownFileType = text.plist.xml; path = Info.plist; sourceTree = "<group>"; };
		4BD0AC651C53453C00D61125 /* HoundSDK.xcassets */ = {isa = PBXFileReference; lastKnownFileType = folder.assetcatalog; path = HoundSDK.xcassets; sourceTree = "<group>"; };
		4BD0AC661C53453C00D61125 /* include */ = {isa = PBXFileReference; lastKnownFileType = folder; path = include; sourceTree = "<group>"; };
		4BD0AC671C53453C00D61125 /* libHoundSDK.a */ = {isa = PBXFileReference; lastKnownFileType = archive.ar; path = libHoundSDK.a; sourceTree = "<group>"; };
		4BD0AC7C1C53818600D61125 /* AppDelegate.h */ = {isa = PBXFileReference; fileEncoding = 4; lastKnownFileType = sourcecode.c.h; path = AppDelegate.h; sourceTree = "<group>"; };
		4BD0AC7D1C53818600D61125 /* AppDelegate.m */ = {isa = PBXFileReference; fileEncoding = 4; lastKnownFileType = sourcecode.c.objc; path = AppDelegate.m; sourceTree = "<group>"; };
		4BD0AC7E1C53818600D61125 /* AppImages.xcassets */ = {isa = PBXFileReference; lastKnownFileType = folder.assetcatalog; path = AppImages.xcassets; sourceTree = "<group>"; };
		4BD0AC7F1C53818600D61125 /* Base.lproj */ = {isa = PBXFileReference; lastKnownFileType = folder; path = Base.lproj; sourceTree = "<group>"; };
		4BD0AC801C53818600D61125 /* Images.xcassets */ = {isa = PBXFileReference; lastKnownFileType = folder.assetcatalog; path = Images.xcassets; sourceTree = "<group>"; };
		4BD0AC811C53818600D61125 /* Info.plist */ = {isa = PBXFileReference; fileEncoding = 4; lastKnownFileType = text.plist.xml; path = Info.plist; sourceTree = "<group>"; };
		4BD0AC821C53818600D61125 /* main.m */ = {isa = PBXFileReference; fileEncoding = 4; lastKnownFileType = sourcecode.c.objc; path = main.m; sourceTree = "<group>"; };
		4BD0AC831C53818600D61125 /* NavigationController.h */ = {isa = PBXFileReference; fileEncoding = 4; lastKnownFileType = sourcecode.c.h; path = NavigationController.h; sourceTree = "<group>"; };
		4BD0AC841C53818600D61125 /* NavigationController.m */ = {isa = PBXFileReference; fileEncoding = 4; lastKnownFileType = sourcecode.c.objc; path = NavigationController.m; sourceTree = "<group>"; };
		4BD0AC851C53818600D61125 /* ViewController.h */ = {isa = PBXFileReference; fileEncoding = 4; lastKnownFileType = sourcecode.c.h; path = ViewController.h; sourceTree = "<group>"; };
		4BD0AC861C53818600D61125 /* ViewController.m */ = {isa = PBXFileReference; fileEncoding = 4; lastKnownFileType = sourcecode.c.objc; path = ViewController.m; sourceTree = "<group>"; };
		4BD0AC8F1C5381C100D61125 /* AVFoundation.framework */ = {isa = PBXFileReference; lastKnownFileType = wrapper.framework; name = AVFoundation.framework; path = System/Library/Frameworks/AVFoundation.framework; sourceTree = SDKROOT; };
		4BD0AC911C5381C400D61125 /* AudioToolbox.framework */ = {isa = PBXFileReference; lastKnownFileType = wrapper.framework; name = AudioToolbox.framework; path = System/Library/Frameworks/AudioToolbox.framework; sourceTree = SDKROOT; };
		4BD0AC931C5381CA00D61125 /* Accelerate.framework */ = {isa = PBXFileReference; lastKnownFileType = wrapper.framework; name = Accelerate.framework; path = System/Library/Frameworks/Accelerate.framework; sourceTree = SDKROOT; };
		4BD0AC951C5381D200D61125 /* libc++.tbd */ = {isa = PBXFileReference; lastKnownFileType = "sourcecode.text-based-dylib-definition"; name = "libc++.tbd"; path = "usr/lib/libc++.tbd"; sourceTree = SDKROOT; };
		4BD0AC971C5381D700D61125 /* libz.tbd */ = {isa = PBXFileReference; lastKnownFileType = "sourcecode.text-based-dylib-definition"; name = libz.tbd; path = usr/lib/libz.tbd; sourceTree = SDKROOT; };
		4BD0AC9B1C53820E00D61125 /* UIKit.framework */ = {isa = PBXFileReference; lastKnownFileType = wrapper.framework; name = UIKit.framework; path = System/Library/Frameworks/UIKit.framework; sourceTree = SDKROOT; };
		4BD0AC9D1C53821800D61125 /* Foundation.framework */ = {isa = PBXFileReference; lastKnownFileType = wrapper.framework; name = Foundation.framework; path = System/Library/Frameworks/Foundation.framework; sourceTree = SDKROOT; };
		4BD0ACA01C53825700D61125 /* LaunchScreen.xib */ = {isa = PBXFileReference; fileEncoding = 4; lastKnownFileType = file.xib; name = LaunchScreen.xib; path = Base.lproj/LaunchScreen.xib; sourceTree = "<group>"; };
		4BD0ACA21C53826A00D61125 /* Main.storyboard */ = {isa = PBXFileReference; fileEncoding = 4; lastKnownFileType = file.storyboard; name = Main.storyboard; path = Base.lproj/Main.storyboard; sourceTree = "<group>"; };
/* End PBXFileReference section */

/* Begin PBXFrameworksBuildPhase section */
		4BD0AC271C53448C00D61125 /* Frameworks */ = {
			isa = PBXFrameworksBuildPhase;
			buildActionMask = 2147483647;
			files = (
				4BD0AC9E1C53821800D61125 /* Foundation.framework in Frameworks */,
				4BD0AC9C1C53820E00D61125 /* UIKit.framework in Frameworks */,
				4BD0AC981C5381D700D61125 /* libz.tbd in Frameworks */,
				4BD0AC961C5381D200D61125 /* libc++.tbd in Frameworks */,
				4BD0AC941C5381CA00D61125 /* Accelerate.framework in Frameworks */,
				4BD0AC921C5381C400D61125 /* AudioToolbox.framework in Frameworks */,
				4BD0AC901C5381C100D61125 /* AVFoundation.framework in Frameworks */,
				4BD0AC6A1C53453C00D61125 /* libHoundSDK.a in Frameworks */,
			);
			runOnlyForDeploymentPostprocessing = 0;
		};
		4BD0AC401C53448C00D61125 /* Frameworks */ = {
			isa = PBXFrameworksBuildPhase;
			buildActionMask = 2147483647;
			files = (
			);
			runOnlyForDeploymentPostprocessing = 0;
		};
		4BD0AC4B1C53448C00D61125 /* Frameworks */ = {
			isa = PBXFrameworksBuildPhase;
			buildActionMask = 2147483647;
			files = (
			);
			runOnlyForDeploymentPostprocessing = 0;
		};
/* End PBXFrameworksBuildPhase section */

/* Begin PBXGroup section */
		4BD0AC211C53448C00D61125 = {
			isa = PBXGroup;
			children = (
				4BD0AC2C1C53448C00D61125 /* Remote */,
				4BD0AC641C53451700D61125 /* HoundSDK */,
				4BD0AC2B1C53448C00D61125 /* Products */,
				4BD0AC461C53448C00D61125 /* RemoteTests */,
				4BD0AC511C53448C00D61125 /* RemoteUITests */,
			);
			sourceTree = "<group>";
		};
		4BD0AC2B1C53448C00D61125 /* Products */ = {
			isa = PBXGroup;
			children = (
				4BD0AC2A1C53448C00D61125 /* Remote.app */,
				4BD0AC431C53448C00D61125 /* RemoteTests.xctest */,
				4BD0AC4E1C53448C00D61125 /* RemoteUITests.xctest */,
			);
			name = Products;
			sourceTree = "<group>";
		};
		4BD0AC2C1C53448C00D61125 /* Remote */ = {
			isa = PBXGroup;
			children = (
				4BD0AC7C1C53818600D61125 /* AppDelegate.h */,
				4BD0AC7D1C53818600D61125 /* AppDelegate.m */,
				4BD0ACA21C53826A00D61125 /* Main.storyboard */,
				4BD0AC9F1C53822900D61125 /* View Controllers */,
				4BD0AC991C5381E300D61125 /* Resources */,
				4BD0ACA41C53827300D61125 /* Supporting Files */,
				4BD0AC9A1C5381FE00D61125 /* Frameworks */,
				4BD0AC7F1C53818600D61125 /* Base.lproj */,
			);
			path = Remote;
			sourceTree = "<group>";
		};
		4BD0AC461C53448C00D61125 /* RemoteTests */ = {
			isa = PBXGroup;
			children = (
				4BD0AC471C53448C00D61125 /* RemoteTests.m */,
				4BD0AC491C53448C00D61125 /* Info.plist */,
			);
			path = RemoteTests;
			sourceTree = "<group>";
		};
		4BD0AC511C53448C00D61125 /* RemoteUITests */ = {
			isa = PBXGroup;
			children = (
				4BD0AC521C53448C00D61125 /* RemoteUITests.m */,
				4BD0AC541C53448C00D61125 /* Info.plist */,
			);
			path = RemoteUITests;
			sourceTree = "<group>";
		};
		4BD0AC641C53451700D61125 /* HoundSDK */ = {
			isa = PBXGroup;
			children = (
				4BD0AC651C53453C00D61125 /* HoundSDK.xcassets */,
				4BD0AC661C53453C00D61125 /* include */,
				4BD0AC671C53453C00D61125 /* libHoundSDK.a */,
			);
			name = HoundSDK;
			sourceTree = "<group>";
		};
		4BD0AC991C5381E300D61125 /* Resources */ = {
			isa = PBXGroup;
			children = (
				4BD0AC7E1C53818600D61125 /* AppImages.xcassets */,
				4BD0AC801C53818600D61125 /* Images.xcassets */,
				4BD0ACA01C53825700D61125 /* LaunchScreen.xib */,
			);
			name = Resources;
			sourceTree = "<group>";
		};
		4BD0AC9A1C5381FE00D61125 /* Frameworks */ = {
			isa = PBXGroup;
			children = (
				4BD0AC9D1C53821800D61125 /* Foundation.framework */,
				4BD0AC9B1C53820E00D61125 /* UIKit.framework */,
				4BD0AC971C5381D700D61125 /* libz.tbd */,
				4BD0AC951C5381D200D61125 /* libc++.tbd */,
				4BD0AC931C5381CA00D61125 /* Accelerate.framework */,
				4BD0AC911C5381C400D61125 /* AudioToolbox.framework */,
				4BD0AC8F1C5381C100D61125 /* AVFoundation.framework */,
			);
			name = Frameworks;
			sourceTree = "<group>";
		};
		4BD0AC9F1C53822900D61125 /* View Controllers */ = {
			isa = PBXGroup;
			children = (
				4BD0AC831C53818600D61125 /* NavigationController.h */,
				4BD0AC841C53818600D61125 /* NavigationController.m */,
				4BD0AC851C53818600D61125 /* ViewController.h */,
				4BD0AC861C53818600D61125 /* ViewController.m */,
			);
			name = "View Controllers";
			sourceTree = "<group>";
		};
		4BD0ACA41C53827300D61125 /* Supporting Files */ = {
			isa = PBXGroup;
			children = (
				4BD0AC811C53818600D61125 /* Info.plist */,
				4BD0AC821C53818600D61125 /* main.m */,
			);
			name = "Supporting Files";
			sourceTree = "<group>";
		};
/* End PBXGroup section */

/* Begin PBXNativeTarget section */
		4BD0AC291C53448C00D61125 /* Remote */ = {
			isa = PBXNativeTarget;
			buildConfigurationList = 4BD0AC571C53448C00D61125 /* Build configuration list for PBXNativeTarget "Remote" */;
			buildPhases = (
				4BD0AC261C53448C00D61125 /* Sources */,
				4BD0AC271C53448C00D61125 /* Frameworks */,
				4BD0AC281C53448C00D61125 /* Resources */,
			);
			buildRules = (
			);
			dependencies = (
			);
			name = Remote;
			productName = Remote;
			productReference = 4BD0AC2A1C53448C00D61125 /* Remote.app */;
			productType = "com.apple.product-type.application";
		};
		4BD0AC421C53448C00D61125 /* RemoteTests */ = {
			isa = PBXNativeTarget;
			buildConfigurationList = 4BD0AC5A1C53448C00D61125 /* Build configuration list for PBXNativeTarget "RemoteTests" */;
			buildPhases = (
				4BD0AC3F1C53448C00D61125 /* Sources */,
				4BD0AC401C53448C00D61125 /* Frameworks */,
				4BD0AC411C53448C00D61125 /* Resources */,
			);
			buildRules = (
			);
			dependencies = (
				4BD0AC451C53448C00D61125 /* PBXTargetDependency */,
			);
			name = RemoteTests;
			productName = RemoteTests;
			productReference = 4BD0AC431C53448C00D61125 /* RemoteTests.xctest */;
			productType = "com.apple.product-type.bundle.unit-test";
		};
		4BD0AC4D1C53448C00D61125 /* RemoteUITests */ = {
			isa = PBXNativeTarget;
			buildConfigurationList = 4BD0AC5D1C53448C00D61125 /* Build configuration list for PBXNativeTarget "RemoteUITests" */;
			buildPhases = (
				4BD0AC4A1C53448C00D61125 /* Sources */,
				4BD0AC4B1C53448C00D61125 /* Frameworks */,
				4BD0AC4C1C53448C00D61125 /* Resources */,
			);
			buildRules = (
			);
			dependencies = (
				4BD0AC501C53448C00D61125 /* PBXTargetDependency */,
			);
			name = RemoteUITests;
			productName = RemoteUITests;
			productReference = 4BD0AC4E1C53448C00D61125 /* RemoteUITests.xctest */;
			productType = "com.apple.product-type.bundle.ui-testing";
		};
/* End PBXNativeTarget section */

/* Begin PBXProject section */
		4BD0AC221C53448C00D61125 /* Project object */ = {
			isa = PBXProject;
			attributes = {
				LastUpgradeCheck = 0720;
				ORGANIZATIONNAME = "Jamie Sookprasong";
				TargetAttributes = {
					4BD0AC291C53448C00D61125 = {
						CreatedOnToolsVersion = 7.2;
						DevelopmentTeam = 9QYY2XXHZ5;
					};
					4BD0AC421C53448C00D61125 = {
						CreatedOnToolsVersion = 7.2;
						DevelopmentTeam = 9QYY2XXHZ5;
						TestTargetID = 4BD0AC291C53448C00D61125;
					};
					4BD0AC4D1C53448C00D61125 = {
						CreatedOnToolsVersion = 7.2;
						DevelopmentTeam = 9QYY2XXHZ5;
						TestTargetID = 4BD0AC291C53448C00D61125;
					};
				};
			};
			buildConfigurationList = 4BD0AC251C53448C00D61125 /* Build configuration list for PBXProject "Remote" */;
			compatibilityVersion = "Xcode 3.2";
			developmentRegion = English;
			hasScannedForEncodings = 0;
			knownRegions = (
				en,
				Base,
			);
			mainGroup = 4BD0AC211C53448C00D61125;
			productRefGroup = 4BD0AC2B1C53448C00D61125 /* Products */;
			projectDirPath = "";
			projectRoot = "";
			targets = (
				4BD0AC291C53448C00D61125 /* Remote */,
				4BD0AC421C53448C00D61125 /* RemoteTests */,
				4BD0AC4D1C53448C00D61125 /* RemoteUITests */,
			);
		};
/* End PBXProject section */

/* Begin PBXResourcesBuildPhase section */
		4BD0AC281C53448C00D61125 /* Resources */ = {
			isa = PBXResourcesBuildPhase;
			buildActionMask = 2147483647;
			files = (
				4BD0AC681C53453C00D61125 /* HoundSDK.xcassets in Resources */,
				4BD0AC8A1C53818600D61125 /* Images.xcassets in Resources */,
				4BD0AC8B1C53818600D61125 /* Info.plist in Resources */,
				4BD0ACA31C53826A00D61125 /* Main.storyboard in Resources */,
				4BD0ACA11C53825700D61125 /* LaunchScreen.xib in Resources */,
				4BD0AC881C53818600D61125 /* AppImages.xcassets in Resources */,
				4BD0AC891C53818600D61125 /* Base.lproj in Resources */,
				4BD0AC691C53453C00D61125 /* include in Resources */,
			);
			runOnlyForDeploymentPostprocessing = 0;
		};
		4BD0AC411C53448C00D61125 /* Resources */ = {
			isa = PBXResourcesBuildPhase;
			buildActionMask = 2147483647;
			files = (
			);
			runOnlyForDeploymentPostprocessing = 0;
		};
		4BD0AC4C1C53448C00D61125 /* Resources */ = {
			isa = PBXResourcesBuildPhase;
			buildActionMask = 2147483647;
			files = (
			);
			runOnlyForDeploymentPostprocessing = 0;
		};
/* End PBXResourcesBuildPhase section */

/* Begin PBXSourcesBuildPhase section */
		4BD0AC261C53448C00D61125 /* Sources */ = {
			isa = PBXSourcesBuildPhase;
			buildActionMask = 2147483647;
			files = (
				4BD0AC8D1C53818600D61125 /* NavigationController.m in Sources */,
				4BD0AC8C1C53818600D61125 /* main.m in Sources */,
				4BD0AC8E1C53818600D61125 /* ViewController.m in Sources */,
				4BD0AC871C53818600D61125 /* AppDelegate.m in Sources */,
			);
			runOnlyForDeploymentPostprocessing = 0;
		};
		4BD0AC3F1C53448C00D61125 /* Sources */ = {
			isa = PBXSourcesBuildPhase;
			buildActionMask = 2147483647;
			files = (
				4BD0AC481C53448C00D61125 /* RemoteTests.m in Sources */,
			);
			runOnlyForDeploymentPostprocessing = 0;
		};
		4BD0AC4A1C53448C00D61125 /* Sources */ = {
			isa = PBXSourcesBuildPhase;
			buildActionMask = 2147483647;
			files = (
				4BD0AC531C53448C00D61125 /* RemoteUITests.m in Sources */,
			);
			runOnlyForDeploymentPostprocessing = 0;
		};
/* End PBXSourcesBuildPhase section */

/* Begin PBXTargetDependency section */
		4BD0AC451C53448C00D61125 /* PBXTargetDependency */ = {
			isa = PBXTargetDependency;
			target = 4BD0AC291C53448C00D61125 /* Remote */;
			targetProxy = 4BD0AC441C53448C00D61125 /* PBXContainerItemProxy */;
		};
		4BD0AC501C53448C00D61125 /* PBXTargetDependency */ = {
			isa = PBXTargetDependency;
			target = 4BD0AC291C53448C00D61125 /* Remote */;
			targetProxy = 4BD0AC4F1C53448C00D61125 /* PBXContainerItemProxy */;
		};
/* End PBXTargetDependency section */

/* Begin XCBuildConfiguration section */
		4BD0AC551C53448C00D61125 /* Debug */ = {
			isa = XCBuildConfiguration;
			buildSettings = {
				ALWAYS_SEARCH_USER_PATHS = NO;
				CLANG_CXX_LANGUAGE_STANDARD = "gnu++0x";
				CLANG_CXX_LIBRARY = "libc++";
				CLANG_ENABLE_MODULES = YES;
				CLANG_ENABLE_OBJC_ARC = YES;
				CLANG_WARN_BOOL_CONVERSION = YES;
				CLANG_WARN_CONSTANT_CONVERSION = YES;
				CLANG_WARN_DIRECT_OBJC_ISA_USAGE = YES_ERROR;
				CLANG_WARN_EMPTY_BODY = YES;
				CLANG_WARN_ENUM_CONVERSION = YES;
				CLANG_WARN_INT_CONVERSION = YES;
				CLANG_WARN_OBJC_ROOT_CLASS = YES_ERROR;
				CLANG_WARN_UNREACHABLE_CODE = YES;
				CLANG_WARN__DUPLICATE_METHOD_MATCH = YES;
				"CODE_SIGN_IDENTITY[sdk=iphoneos*]" = "iPhone Developer";
				COPY_PHASE_STRIP = NO;
				DEBUG_INFORMATION_FORMAT = dwarf;
				ENABLE_STRICT_OBJC_MSGSEND = YES;
				ENABLE_TESTABILITY = YES;
				GCC_C_LANGUAGE_STANDARD = gnu99;
				GCC_DYNAMIC_NO_PIC = NO;
				GCC_NO_COMMON_BLOCKS = YES;
				GCC_OPTIMIZATION_LEVEL = 0;
				GCC_PREPROCESSOR_DEFINITIONS = (
					"DEBUG=1",
					"$(inherited)",
				);
				GCC_WARN_64_TO_32_BIT_CONVERSION = YES;
				GCC_WARN_ABOUT_RETURN_TYPE = YES_ERROR;
				GCC_WARN_UNDECLARED_SELECTOR = YES;
				GCC_WARN_UNINITIALIZED_AUTOS = YES_AGGRESSIVE;
				GCC_WARN_UNUSED_FUNCTION = YES;
				GCC_WARN_UNUSED_VARIABLE = YES;
				IPHONEOS_DEPLOYMENT_TARGET = 9.2;
				MTL_ENABLE_DEBUG_INFO = YES;
				ONLY_ACTIVE_ARCH = YES;
				SDKROOT = iphoneos;
			};
			name = Debug;
		};
		4BD0AC561C53448C00D61125 /* Release */ = {
			isa = XCBuildConfiguration;
			buildSettings = {
				ALWAYS_SEARCH_USER_PATHS = NO;
				CLANG_CXX_LANGUAGE_STANDARD = "gnu++0x";
				CLANG_CXX_LIBRARY = "libc++";
				CLANG_ENABLE_MODULES = YES;
				CLANG_ENABLE_OBJC_ARC = YES;
				CLANG_WARN_BOOL_CONVERSION = YES;
				CLANG_WARN_CONSTANT_CONVERSION = YES;
				CLANG_WARN_DIRECT_OBJC_ISA_USAGE = YES_ERROR;
				CLANG_WARN_EMPTY_BODY = YES;
				CLANG_WARN_ENUM_CONVERSION = YES;
				CLANG_WARN_INT_CONVERSION = YES;
				CLANG_WARN_OBJC_ROOT_CLASS = YES_ERROR;
				CLANG_WARN_UNREACHABLE_CODE = YES;
				CLANG_WARN__DUPLICATE_METHOD_MATCH = YES;
				"CODE_SIGN_IDENTITY[sdk=iphoneos*]" = "iPhone Developer";
				COPY_PHASE_STRIP = NO;
				DEBUG_INFORMATION_FORMAT = "dwarf-with-dsym";
				ENABLE_NS_ASSERTIONS = NO;
				ENABLE_STRICT_OBJC_MSGSEND = YES;
				GCC_C_LANGUAGE_STANDARD = gnu99;
				GCC_NO_COMMON_BLOCKS = YES;
				GCC_WARN_64_TO_32_BIT_CONVERSION = YES;
				GCC_WARN_ABOUT_RETURN_TYPE = YES_ERROR;
				GCC_WARN_UNDECLARED_SELECTOR = YES;
				GCC_WARN_UNINITIALIZED_AUTOS = YES_AGGRESSIVE;
				GCC_WARN_UNUSED_FUNCTION = YES;
				GCC_WARN_UNUSED_VARIABLE = YES;
				IPHONEOS_DEPLOYMENT_TARGET = 9.2;
				MTL_ENABLE_DEBUG_INFO = NO;
				SDKROOT = iphoneos;
				VALIDATE_PRODUCT = YES;
			};
			name = Release;
		};
		4BD0AC581C53448C00D61125 /* Debug */ = {
			isa = XCBuildConfiguration;
			buildSettings = {
				ASSETCATALOG_COMPILER_APPICON_NAME = AppIcon;
				HEADER_SEARCH_PATHS = HoundSDK/include/;
				INFOPLIST_FILE = Remote/Info.plist;
				IPHONEOS_DEPLOYMENT_TARGET = 9.0;
				LD_RUNPATH_SEARCH_PATHS = "$(inherited) @executable_path/Frameworks";
				LIBRARY_SEARCH_PATHS = HoundSDK/;
				PRODUCT_BUNDLE_IDENTIFIER = com.jamn.Remote;
				PRODUCT_NAME = "$(TARGET_NAME)";
			};
			name = Debug;
		};
		4BD0AC591C53448C00D61125 /* Release */ = {
			isa = XCBuildConfiguration;
			buildSettings = {
				ASSETCATALOG_COMPILER_APPICON_NAME = AppIcon;
				HEADER_SEARCH_PATHS = HoundSDK/include/;
				INFOPLIST_FILE = Remote/Info.plist;
				IPHONEOS_DEPLOYMENT_TARGET = 9.0;
				LD_RUNPATH_SEARCH_PATHS = "$(inherited) @executable_path/Frameworks";
				LIBRARY_SEARCH_PATHS = HoundSDK/;
				PRODUCT_BUNDLE_IDENTIFIER = com.jamn.Remote;
				PRODUCT_NAME = "$(TARGET_NAME)";
			};
			name = Release;
		};
		4BD0AC5B1C53448C00D61125 /* Debug */ = {
			isa = XCBuildConfiguration;
			buildSettings = {
				BUNDLE_LOADER = "$(TEST_HOST)";
				INFOPLIST_FILE = RemoteTests/Info.plist;
				LD_RUNPATH_SEARCH_PATHS = "$(inherited) @executable_path/Frameworks @loader_path/Frameworks";
				PRODUCT_BUNDLE_IDENTIFIER = com.jamn.RemoteTests;
				PRODUCT_NAME = "$(TARGET_NAME)";
				TEST_HOST = "$(BUILT_PRODUCTS_DIR)/Remote.app/Remote";
			};
			name = Debug;
		};
		4BD0AC5C1C53448C00D61125 /* Release */ = {
			isa = XCBuildConfiguration;
			buildSettings = {
				BUNDLE_LOADER = "$(TEST_HOST)";
				INFOPLIST_FILE = RemoteTests/Info.plist;
				LD_RUNPATH_SEARCH_PATHS = "$(inherited) @executable_path/Frameworks @loader_path/Frameworks";
				PRODUCT_BUNDLE_IDENTIFIER = com.jamn.RemoteTests;
				PRODUCT_NAME = "$(TARGET_NAME)";
				TEST_HOST = "$(BUILT_PRODUCTS_DIR)/Remote.app/Remote";
			};
			name = Release;
		};
		4BD0AC5E1C53448C00D61125 /* Debug */ = {
			isa = XCBuildConfiguration;
			buildSettings = {
				INFOPLIST_FILE = RemoteUITests/Info.plist;
				LD_RUNPATH_SEARCH_PATHS = "$(inherited) @executable_path/Frameworks @loader_path/Frameworks";
				PRODUCT_BUNDLE_IDENTIFIER = com.jamn.RemoteUITests;
				PRODUCT_NAME = "$(TARGET_NAME)";
				TEST_TARGET_NAME = Remote;
				USES_XCTRUNNER = YES;
			};
			name = Debug;
		};
		4BD0AC5F1C53448C00D61125 /* Release */ = {
			isa = XCBuildConfiguration;
			buildSettings = {
				INFOPLIST_FILE = RemoteUITests/Info.plist;
				LD_RUNPATH_SEARCH_PATHS = "$(inherited) @executable_path/Frameworks @loader_path/Frameworks";
				PRODUCT_BUNDLE_IDENTIFIER = com.jamn.RemoteUITests;
				PRODUCT_NAME = "$(TARGET_NAME)";
				TEST_TARGET_NAME = Remote;
				USES_XCTRUNNER = YES;
			};
			name = Release;
		};
/* End XCBuildConfiguration section */

/* Begin XCConfigurationList section */
		4BD0AC251C53448C00D61125 /* Build configuration list for PBXProject "Remote" */ = {
			isa = XCConfigurationList;
			buildConfigurations = (
				4BD0AC551C53448C00D61125 /* Debug */,
				4BD0AC561C53448C00D61125 /* Release */,
			);
			defaultConfigurationIsVisible = 0;
			defaultConfigurationName = Release;
		};
		4BD0AC571C53448C00D61125 /* Build configuration list for PBXNativeTarget "Remote" */ = {
			isa = XCConfigurationList;
			buildConfigurations = (
				4BD0AC581C53448C00D61125 /* Debug */,
				4BD0AC591C53448C00D61125 /* Release */,
			);
			defaultConfigurationIsVisible = 0;
			defaultConfigurationName = Release;
		};
		4BD0AC5A1C53448C00D61125 /* Build configuration list for PBXNativeTarget "RemoteTests" */ = {
			isa = XCConfigurationList;
			buildConfigurations = (
				4BD0AC5B1C53448C00D61125 /* Debug */,
				4BD0AC5C1C53448C00D61125 /* Release */,
			);
			defaultConfigurationIsVisible = 0;
			defaultConfigurationName = Release;
		};
		4BD0AC5D1C53448C00D61125 /* Build configuration list for PBXNativeTarget "RemoteUITests" */ = {
			isa = XCConfigurationList;
			buildConfigurations = (
				4BD0AC5E1C53448C00D61125 /* Debug */,
				4BD0AC5F1C53448C00D61125 /* Release */,
			);
			defaultConfigurationIsVisible = 0;
			defaultConfigurationName = Release;
		};
/* End XCConfigurationList section */
	};
	rootObject = 4BD0AC221C53448C00D61125 /* Project object */;
}
